
Microsoft Visual Studio Solution File, Format Version 12.00
# Visual Studio Version 16
VisualStudioVersion = 16.0.31702.278
MinimumVisualStudioVersion = 10.0.40219.1
Project("{9A19103F-16F7-4668-BE54-9A1E7A4F7556}") = "ClassLibraryNET", "ClassLibraryNET\ClassLibraryNET.csproj", "{6AB6439A-F32C-49B6-8087-A6BA7B245D78}"
EndProject
Global
	GlobalSection(SolutionConfigurationPlatforms) = preSolution
		Debug|Any CPU = Debug|Any CPU
		Release|Any CPU = Release|Any CPU
	EndGlobalSection
	GlobalSection(ProjectConfigurationPlatforms) = postSolution
		{6AB6439A-F32C-49B6-8087-A6BA7B245D78}.Debug|Any CPU.ActiveCfg = Debug|Any CPU
		{6AB6439A-F32C-49B6-8087-A6BA7B245D78}.Debug|Any CPU.Build.0 = Debug|Any CPU
		{6AB6439A-F32C-49B6-8087-A6BA7B245D78}.Release|Any CPU.ActiveCfg = Release|Any CPU
		{6AB6439A-F32C-49B6-8087-A6BA7B245D78}.Release|Any CPU.Build.0 = Release|Any CPU
	EndGlobalSection
	GlobalSection(SolutionProperties) = preSolution
		HideSolutionNode = FALSE
	EndGlobalSection
	GlobalSection(ExtensibilityGlobals) = postSolution
		SolutionGuid = {FB52AD8A-9F50-4651-BF73-C74879FB2479}
	EndGlobalSection
EndGlobal
